
Microsoft Visual Studio Solution File, Format Version 12.00
Project("{FAE04EC0-301F-11D3-BF4B-00C04F79EFBC}") = "mpp1", "mpp1\mpp1.csproj", "{27C0EB45-4337-40E5-8F41-BE9FC8E63FF6}"
EndProject
Project("{FAE04EC0-301F-11D3-BF4B-00C04F79EFBC}") = "RentAVehicleApi", "RentAVehicleApi\RentAVehicleApi.csproj", "{C318B278-DE3F-45B4-B2C7-3AC17547FE0E}"
EndProject
Global
	GlobalSection(SolutionConfigurationPlatforms) = preSolution
		Debug|Any CPU = Debug|Any CPU
		Release|Any CPU = Release|Any CPU
	EndGlobalSection
	GlobalSection(ProjectConfigurationPlatforms) = postSolution
		{27C0EB45-4337-40E5-8F41-BE9FC8E63FF6}.Debug|Any CPU.ActiveCfg = Debug|Any CPU
		{27C0EB45-4337-40E5-8F41-BE9FC8E63FF6}.Debug|Any CPU.Build.0 = Debug|Any CPU
		{27C0EB45-4337-40E5-8F41-BE9FC8E63FF6}.Release|Any CPU.ActiveCfg = Release|Any CPU
		{27C0EB45-4337-40E5-8F41-BE9FC8E63FF6}.Release|Any CPU.Build.0 = Release|Any CPU
		{C318B278-DE3F-45B4-B2C7-3AC17547FE0E}.Debug|Any CPU.ActiveCfg = Debug|Any CPU
		{C318B278-DE3F-45B4-B2C7-3AC17547FE0E}.Debug|Any CPU.Build.0 = Debug|Any CPU
		{C318B278-DE3F-45B4-B2C7-3AC17547FE0E}.Release|Any CPU.ActiveCfg = Release|Any CPU
		{C318B278-DE3F-45B4-B2C7-3AC17547FE0E}.Release|Any CPU.Build.0 = Release|Any CPU
	EndGlobalSection
EndGlobal
